
Microsoft Visual Studio Solution File, Format Version 12.00
# Visual Studio Version 16
VisualStudioVersion = 16.0.30907.101
MinimumVisualStudioVersion = 10.0.40219.1
Project("{FAE04EC0-301F-11D3-BF4B-00C04F79EFBC}") = "Services_Ejer10", "Services_Ejer10\Services_Ejer10.csproj", "{BBA900E1-5F5E-4814-AB68-EDF6F0481048}"
EndProject
Global
	GlobalSection(SolutionConfigurationPlatforms) = preSolution
		Debug|Any CPU = Debug|Any CPU
		Release|Any CPU = Release|Any CPU
	EndGlobalSection
	GlobalSection(ProjectConfigurationPlatforms) = postSolution
		{BBA900E1-5F5E-4814-AB68-EDF6F0481048}.Debug|Any CPU.ActiveCfg = Debug|Any CPU
		{BBA900E1-5F5E-4814-AB68-EDF6F0481048}.Debug|Any CPU.Build.0 = Debug|Any CPU
		{BBA900E1-5F5E-4814-AB68-EDF6F0481048}.Release|Any CPU.ActiveCfg = Release|Any CPU
		{BBA900E1-5F5E-4814-AB68-EDF6F0481048}.Release|Any CPU.Build.0 = Release|Any CPU
	EndGlobalSection
	GlobalSection(SolutionProperties) = preSolution
		HideSolutionNode = FALSE
	EndGlobalSection
	GlobalSection(ExtensibilityGlobals) = postSolution
		SolutionGuid = {E468F195-38B0-48AE-B068-CF839FE9D7EB}
	EndGlobalSection
EndGlobal
